
Microsoft Visual Studio Solution File, Format Version 11.00
# Visual Studio 2010
Project("{FAE04EC0-301F-11D3-BF4B-00C04F79EFBC}") = "WebServer", "Server\WebServer.csproj", "{0D271911-491E-4BC1-8480-40A39C763193}"
EndProject
Project("{FAE04EC0-301F-11D3-BF4B-00C04F79EFBC}") = "Examples", "Client\Examples.csproj", "{6B74762E-E1AA-431F-9C48-21CC143ADCFD}"
EndProject
Global
	GlobalSection(SolutionConfigurationPlatforms) = preSolution
		Debug|Any CPU = Debug|Any CPU
		Release|Any CPU = Release|Any CPU
	EndGlobalSection
	GlobalSection(ProjectConfigurationPlatforms) = postSolution
		{0D271911-491E-4BC1-8480-40A39C763193}.Debug|Any CPU.ActiveCfg = Debug|Any CPU
		{0D271911-491E-4BC1-8480-40A39C763193}.Debug|Any CPU.Build.0 = Debug|Any CPU
		{0D271911-491E-4BC1-8480-40A39C763193}.Release|Any CPU.ActiveCfg = Release|Any CPU
		{0D271911-491E-4BC1-8480-40A39C763193}.Release|Any CPU.Build.0 = Release|Any CPU
		{6B74762E-E1AA-431F-9C48-21CC143ADCFD}.Debug|Any CPU.ActiveCfg = Debug|Any CPU
		{6B74762E-E1AA-431F-9C48-21CC143ADCFD}.Debug|Any CPU.Build.0 = Debug|Any CPU
		{6B74762E-E1AA-431F-9C48-21CC143ADCFD}.Release|Any CPU.ActiveCfg = Release|Any CPU
		{6B74762E-E1AA-431F-9C48-21CC143ADCFD}.Release|Any CPU.Build.0 = Release|Any CPU
	EndGlobalSection
	GlobalSection(SolutionProperties) = preSolution
		HideSolutionNode = FALSE
	EndGlobalSection
EndGlobal
